
Microsoft Visual Studio Solution File, Format Version 12.00
# Visual Studio Version 17
VisualStudioVersion = 17.3.32929.385
MinimumVisualStudioVersion = 10.0.40219.1
Project("{FAE04EC0-301F-11D3-BF4B-00C04F79EFBC}") = "MvcWebTicariOtomasyon", "MvcWebTicariOtomasyon.csproj", "{0E4FBCCC-361F-4BE9-8856-15F4917D8E78}"
EndProject
Global
	GlobalSection(SolutionConfigurationPlatforms) = preSolution
		Debug|Any CPU = Debug|Any CPU
		Release|Any CPU = Release|Any CPU
	EndGlobalSection
	GlobalSection(ProjectConfigurationPlatforms) = postSolution
		{0E4FBCCC-361F-4BE9-8856-15F4917D8E78}.Debug|Any CPU.ActiveCfg = Debug|Any CPU
		{0E4FBCCC-361F-4BE9-8856-15F4917D8E78}.Debug|Any CPU.Build.0 = Debug|Any CPU
		{0E4FBCCC-361F-4BE9-8856-15F4917D8E78}.Release|Any CPU.ActiveCfg = Release|Any CPU
		{0E4FBCCC-361F-4BE9-8856-15F4917D8E78}.Release|Any CPU.Build.0 = Release|Any CPU
	EndGlobalSection
	GlobalSection(SolutionProperties) = preSolution
		HideSolutionNode = FALSE
	EndGlobalSection
	GlobalSection(ExtensibilityGlobals) = postSolution
		SolutionGuid = {9E812885-9915-4D24-8A2E-32F70D4EF77E}
	EndGlobalSection
EndGlobal
